
Microsoft Visual Studio Solution File, Format Version 12.00
# Visual Studio Version 17
VisualStudioVersion = 17.2.32630.192
MinimumVisualStudioVersion = 10.0.40219.1
Project("{FAE04EC0-301F-11D3-BF4B-00C04F79EFBC}") = "CVROSC", "CVROSC\CVROSC.csproj", "{BA347446-0301-4160-9D74-BA117344F489}"
EndProject
Global
	GlobalSection(SolutionConfigurationPlatforms) = preSolution
		Debug|Any CPU = Debug|Any CPU
		Release|Any CPU = Release|Any CPU
	EndGlobalSection
	GlobalSection(ProjectConfigurationPlatforms) = postSolution
		{BA347446-0301-4160-9D74-BA117344F489}.Debug|Any CPU.ActiveCfg = Debug|Any CPU
		{BA347446-0301-4160-9D74-BA117344F489}.Debug|Any CPU.Build.0 = Debug|Any CPU
		{BA347446-0301-4160-9D74-BA117344F489}.Release|Any CPU.ActiveCfg = Release|Any CPU
		{BA347446-0301-4160-9D74-BA117344F489}.Release|Any CPU.Build.0 = Release|Any CPU
	EndGlobalSection
	GlobalSection(SolutionProperties) = preSolution
		HideSolutionNode = FALSE
	EndGlobalSection
	GlobalSection(ExtensibilityGlobals) = postSolution
		SolutionGuid = {EDAFFFB3-E7F7-4066-9370-0394728056FD}
	EndGlobalSection
EndGlobal
